
Microsoft Visual Studio Solution File, Format Version 12.00
# Visual Studio Version 17
VisualStudioVersion = 17.14.36221.1 d17.14
MinimumVisualStudioVersion = 10.0.40219.1
Project("{FAE04EC0-301F-11D3-BF4B-00C04F79EFBC}") = "FlameStreamBackend", "FlameStreamBackend.csproj", "{CDF9987D-232A-4F03-987E-E5BCECB5CEE1}"
EndProject
Global
	GlobalSection(SolutionConfigurationPlatforms) = preSolution
		Debug|Any CPU = Debug|Any CPU
		Release|Any CPU = Release|Any CPU
	EndGlobalSection
	GlobalSection(ProjectConfigurationPlatforms) = postSolution
		{CDF9987D-232A-4F03-987E-E5BCECB5CEE1}.Debug|Any CPU.ActiveCfg = Debug|Any CPU
		{CDF9987D-232A-4F03-987E-E5BCECB5CEE1}.Debug|Any CPU.Build.0 = Debug|Any CPU
		{CDF9987D-232A-4F03-987E-E5BCECB5CEE1}.Release|Any CPU.ActiveCfg = Release|Any CPU
		{CDF9987D-232A-4F03-987E-E5BCECB5CEE1}.Release|Any CPU.Build.0 = Release|Any CPU
	EndGlobalSection
	GlobalSection(SolutionProperties) = preSolution
		HideSolutionNode = FALSE
	EndGlobalSection
	GlobalSection(ExtensibilityGlobals) = postSolution
		SolutionGuid = {BAA4BF55-2786-47D8-8944-88E11B6A2BA5}
	EndGlobalSection
EndGlobal
